{
	"name": "@adraffy/ens-norm-tests",
	"version": "0.0.3",
	"lockfileVersion": 2,
	"requires": true,
	"packages": {
		"": {
			"name": "@adraffy/ens-norm-tests",
			"version": "0.0.3",
			"license": "MIT",
			"dependencies": {
				"@adraffy/ens-norm-ref-impl": "^0.0.8",
				"@adraffy/ens-norm-uts46": "^0.0.5",
				"@adraffy/ens-normalize": "^1.5.6",
				"@adraffy/ensip-norm": "^0.0.6",
				"@ensdomains/eth-ens-namehash": "^2.0.15"
			}
		},
		"node_modules/@adraffy/ens-norm-ref-impl": {
			"version": "0.0.8",
			"resolved": "https://registry.npmjs.org/@adraffy/ens-norm-ref-impl/-/ens-norm-ref-impl-0.0.8.tgz",
			"integrity": "sha512-dTHOoDllfr4Ecyy5osQ3CA67j3ps3go7hmwA2dKjSRvj+iHRIMoe4gZNpckPSXAhWd/c9Z+ebgicKaXzsrXyww==",
			"dependencies": {
				"@adraffy/ensip-norm": "^0.0.6"
			}
		},
		"node_modules/@adraffy/ens-norm-uts46": {
			"version": "0.0.5",
			"resolved": "https://registry.npmjs.org/@adraffy/ens-norm-uts46/-/ens-norm-uts46-0.0.5.tgz",
			"integrity": "sha512-+Xej73d6gbu74iUC6vN7LwXuKMLaRTvgAQ5CtbFk2TxhyOMq7/sW60moeQ5atAYs8lXLl0buMoX+osjdDnoaRw==",
			"dependencies": {
				"@adraffy/punycode": "^0.0.1"
			}
		},
		"node_modules/@adraffy/ens-normalize": {
			"version": "1.5.6",
			"resolved": "https://registry.npmjs.org/@adraffy/ens-normalize/-/ens-normalize-1.5.6.tgz",
			"integrity": "sha512-PMGbTTDfvc7CjCa8TSweAX/bQarhucN11dcNSwldeu+8+8IplUtEwsUPYjI2jzdR4u78lr3OaI63HHEY6Kseyg=="
		},
		"node_modules/@adraffy/ensip-norm": {
			"version": "0.0.6",
			"resolved": "https://registry.npmjs.org/@adraffy/ensip-norm/-/ensip-norm-0.0.6.tgz",
			"integrity": "sha512-lae7BNA8hlm8XJcxTRqIBQ9cIPu0UOMXoJ7icsmi9YHWamvGLCTspk0YihKJcp8W0sX4OPaYfgpB+/PbAoLlKw=="
		},
		"node_modules/@adraffy/punycode": {
			"version": "0.0.1",
			"resolved": "https://registry.npmjs.org/@adraffy/punycode/-/punycode-0.0.1.tgz",
			"integrity": "sha512-4uVtOv/hbAMBa2/8chRMcO96F6Dl8yagLewgN49kXnLYa+ULFly3FCyYen+TDjK4+YtCN6jGPu2SS37KftXmRA=="
		},
		"node_modules/@ensdomains/eth-ens-namehash": {
			"version": "2.0.15",
			"resolved": "https://registry.npmjs.org/@ensdomains/eth-ens-namehash/-/eth-ens-namehash-2.0.15.tgz",
			"integrity": "sha512-JRDFP6+Hczb1E0/HhIg0PONgBYasfGfDheujmfxaZaAv/NAH4jE6Kf48WbqfRZdxt4IZI3jl3Ri7sZ1nP09lgw=="
		}
	},
	"dependencies": {
		"@adraffy/ens-norm-ref-impl": {
			"version": "0.0.8",
			"resolved": "https://registry.npmjs.org/@adraffy/ens-norm-ref-impl/-/ens-norm-ref-impl-0.0.8.tgz",
			"integrity": "sha512-dTHOoDllfr4Ecyy5osQ3CA67j3ps3go7hmwA2dKjSRvj+iHRIMoe4gZNpckPSXAhWd/c9Z+ebgicKaXzsrXyww==",
			"requires": {
				"@adraffy/ensip-norm": "^0.0.6"
			}
		},
		"@adraffy/ens-norm-uts46": {
			"version": "0.0.5",
			"resolved": "https://registry.npmjs.org/@adraffy/ens-norm-uts46/-/ens-norm-uts46-0.0.5.tgz",
			"integrity": "sha512-+Xej73d6gbu74iUC6vN7LwXuKMLaRTvgAQ5CtbFk2TxhyOMq7/sW60moeQ5atAYs8lXLl0buMoX+osjdDnoaRw==",
			"requires": {
				"@adraffy/punycode": "^0.0.1"
			}
		},
		"@adraffy/ens-normalize": {
			"version": "1.5.6",
			"resolved": "https://registry.npmjs.org/@adraffy/ens-normalize/-/ens-normalize-1.5.6.tgz",
			"integrity": "sha512-PMGbTTDfvc7CjCa8TSweAX/bQarhucN11dcNSwldeu+8+8IplUtEwsUPYjI2jzdR4u78lr3OaI63HHEY6Kseyg=="
		},
		"@adraffy/ensip-norm": {
			"version": "0.0.6",
			"resolved": "https://registry.npmjs.org/@adraffy/ensip-norm/-/ensip-norm-0.0.6.tgz",
			"integrity": "sha512-lae7BNA8hlm8XJcxTRqIBQ9cIPu0UOMXoJ7icsmi9YHWamvGLCTspk0YihKJcp8W0sX4OPaYfgpB+/PbAoLlKw=="
		},
		"@adraffy/punycode": {
			"version": "0.0.1",
			"resolved": "https://registry.npmjs.org/@adraffy/punycode/-/punycode-0.0.1.tgz",
			"integrity": "sha512-4uVtOv/hbAMBa2/8chRMcO96F6Dl8yagLewgN49kXnLYa+ULFly3FCyYen+TDjK4+YtCN6jGPu2SS37KftXmRA=="
		},
		"@ensdomains/eth-ens-namehash": {
			"version": "2.0.15",
			"resolved": "https://registry.npmjs.org/@ensdomains/eth-ens-namehash/-/eth-ens-namehash-2.0.15.tgz",
			"integrity": "sha512-JRDFP6+Hczb1E0/HhIg0PONgBYasfGfDheujmfxaZaAv/NAH4jE6Kf48WbqfRZdxt4IZI3jl3Ri7sZ1nP09lgw=="
		}
	}
}
