{
	"name": "ens-norm-tests",
	"lockfileVersion": 2,
	"requires": true,
	"packages": {
		"": {
			"dependencies": {
				"@adraffy/ens-norm-ref-impl.js": "^0.0.1",
				"@ensdomains/eth-ens-namehash": "^2.0.15"
			}
		},
		"node_modules/@adraffy/ens-norm-ref-impl.js": {
			"version": "0.0.1",
			"resolved": "https://registry.npmjs.org/@adraffy/ens-norm-ref-impl.js/-/ens-norm-ref-impl.js-0.0.1.tgz",
			"integrity": "sha512-EjgzspZNhrx/Jk19zH2/jW4QghQATzy8gGnGUafZVaT7rk43VgeBlOw+/cU/wvJyKcorlcI71Y5sEbOlI1Wpwg==",
			"dependencies": {
				"@adraffy/ensip-norm": "^0.0.1"
			}
		},
		"node_modules/@adraffy/ensip-norm": {
			"version": "0.0.1",
			"resolved": "https://registry.npmjs.org/@adraffy/ensip-norm/-/ensip-norm-0.0.1.tgz",
			"integrity": "sha512-5tXYUHJwyIGD41LqqN9uN1925kB5WuFHiSd5aVDJsrpTL3954WVBOk2YSTf1hG5fZPC0rr+fQrpGuPfbCFYpwg=="
		},
		"node_modules/@ensdomains/eth-ens-namehash": {
			"version": "2.0.15",
			"resolved": "https://registry.npmjs.org/@ensdomains/eth-ens-namehash/-/eth-ens-namehash-2.0.15.tgz",
			"integrity": "sha512-JRDFP6+Hczb1E0/HhIg0PONgBYasfGfDheujmfxaZaAv/NAH4jE6Kf48WbqfRZdxt4IZI3jl3Ri7sZ1nP09lgw=="
		}
	},
	"dependencies": {
		"@adraffy/ens-norm-ref-impl.js": {
			"version": "0.0.1",
			"resolved": "https://registry.npmjs.org/@adraffy/ens-norm-ref-impl.js/-/ens-norm-ref-impl.js-0.0.1.tgz",
			"integrity": "sha512-EjgzspZNhrx/Jk19zH2/jW4QghQATzy8gGnGUafZVaT7rk43VgeBlOw+/cU/wvJyKcorlcI71Y5sEbOlI1Wpwg==",
			"requires": {
				"@adraffy/ensip-norm": "^0.0.1"
			}
		},
		"@adraffy/ensip-norm": {
			"version": "0.0.1",
			"resolved": "https://registry.npmjs.org/@adraffy/ensip-norm/-/ensip-norm-0.0.1.tgz",
			"integrity": "sha512-5tXYUHJwyIGD41LqqN9uN1925kB5WuFHiSd5aVDJsrpTL3954WVBOk2YSTf1hG5fZPC0rr+fQrpGuPfbCFYpwg=="
		},
		"@ensdomains/eth-ens-namehash": {
			"version": "2.0.15",
			"resolved": "https://registry.npmjs.org/@ensdomains/eth-ens-namehash/-/eth-ens-namehash-2.0.15.tgz",
			"integrity": "sha512-JRDFP6+Hczb1E0/HhIg0PONgBYasfGfDheujmfxaZaAv/NAH4jE6Kf48WbqfRZdxt4IZI3jl3Ri7sZ1nP09lgw=="
		}
	}
}
