{
	"name": "@adraffy/ens-norm-tests",
	"version": "0.0.3",
	"lockfileVersion": 2,
	"requires": true,
	"packages": {
		"": {
			"name": "@adraffy/ens-norm-tests",
			"version": "0.0.3",
			"license": "MIT",
			"dependencies": {
				"@adraffy/ens-norm-ref-impl": "^0.0.5",
				"@adraffy/ens-norm-uts46": "^0.0.5",
				"@adraffy/ens-normalize": "^1.5.2",
				"@adraffy/ensip-norm": "^0.0.3",
				"@ensdomains/eth-ens-namehash": "^2.0.15"
			}
		},
		"node_modules/@adraffy/ens-norm-ref-impl": {
			"version": "0.0.5",
			"resolved": "https://registry.npmjs.org/@adraffy/ens-norm-ref-impl/-/ens-norm-ref-impl-0.0.5.tgz",
			"integrity": "sha512-8U8W7qnaqKwCpu4dDW8Ebq4xL4+9u2yjidFE1RKQOyEKpsBRpisjZaxKzFUjXG0f85+G6k7rCG8ozv7JhDD1yw==",
			"dependencies": {
				"@adraffy/ensip-norm": "^0.0.4"
			}
		},
		"node_modules/@adraffy/ens-norm-ref-impl/node_modules/@adraffy/ensip-norm": {
			"version": "0.0.4",
			"resolved": "https://registry.npmjs.org/@adraffy/ensip-norm/-/ensip-norm-0.0.4.tgz",
			"integrity": "sha512-lfT5A4EFL7HaXyF3RO81GTDqEz+bWqY0Cf/7+u9yhnzREzvTXP0U3hLxLcs/NTwrnjxwtBSciWArVjtggPK21w=="
		},
		"node_modules/@adraffy/ens-norm-uts46": {
			"version": "0.0.5",
			"resolved": "https://registry.npmjs.org/@adraffy/ens-norm-uts46/-/ens-norm-uts46-0.0.5.tgz",
			"integrity": "sha512-+Xej73d6gbu74iUC6vN7LwXuKMLaRTvgAQ5CtbFk2TxhyOMq7/sW60moeQ5atAYs8lXLl0buMoX+osjdDnoaRw==",
			"dependencies": {
				"@adraffy/punycode": "^0.0.1"
			}
		},
		"node_modules/@adraffy/ens-normalize": {
			"version": "1.5.2",
			"resolved": "https://registry.npmjs.org/@adraffy/ens-normalize/-/ens-normalize-1.5.2.tgz",
			"integrity": "sha512-BySbx3H86lV4FEpisZjt5nH+Ijx0z51WwcO8unOW1Qxs5SNgRiQCAdc7nW+czAkAZL7clFbTl8ox00X4acpQhQ=="
		},
		"node_modules/@adraffy/ensip-norm": {
			"version": "0.0.3",
			"resolved": "https://registry.npmjs.org/@adraffy/ensip-norm/-/ensip-norm-0.0.3.tgz",
			"integrity": "sha512-dEar6iRczZXWJxrYXGNVdUZ8N82ecANIgRsHFzTaRdqZ3tfjHMjNGo7uZgMCEWTaNns9qcl35KRvTjCYtOEcDA=="
		},
		"node_modules/@adraffy/punycode": {
			"version": "0.0.1",
			"resolved": "https://registry.npmjs.org/@adraffy/punycode/-/punycode-0.0.1.tgz",
			"integrity": "sha512-4uVtOv/hbAMBa2/8chRMcO96F6Dl8yagLewgN49kXnLYa+ULFly3FCyYen+TDjK4+YtCN6jGPu2SS37KftXmRA=="
		},
		"node_modules/@ensdomains/eth-ens-namehash": {
			"version": "2.0.15",
			"resolved": "https://registry.npmjs.org/@ensdomains/eth-ens-namehash/-/eth-ens-namehash-2.0.15.tgz",
			"integrity": "sha512-JRDFP6+Hczb1E0/HhIg0PONgBYasfGfDheujmfxaZaAv/NAH4jE6Kf48WbqfRZdxt4IZI3jl3Ri7sZ1nP09lgw=="
		}
	},
	"dependencies": {
		"@adraffy/ens-norm-ref-impl": {
			"version": "0.0.5",
			"resolved": "https://registry.npmjs.org/@adraffy/ens-norm-ref-impl/-/ens-norm-ref-impl-0.0.5.tgz",
			"integrity": "sha512-8U8W7qnaqKwCpu4dDW8Ebq4xL4+9u2yjidFE1RKQOyEKpsBRpisjZaxKzFUjXG0f85+G6k7rCG8ozv7JhDD1yw==",
			"requires": {
				"@adraffy/ensip-norm": "^0.0.4"
			},
			"dependencies": {
				"@adraffy/ensip-norm": {
					"version": "0.0.4",
					"resolved": "https://registry.npmjs.org/@adraffy/ensip-norm/-/ensip-norm-0.0.4.tgz",
					"integrity": "sha512-lfT5A4EFL7HaXyF3RO81GTDqEz+bWqY0Cf/7+u9yhnzREzvTXP0U3hLxLcs/NTwrnjxwtBSciWArVjtggPK21w=="
				}
			}
		},
		"@adraffy/ens-norm-uts46": {
			"version": "0.0.5",
			"resolved": "https://registry.npmjs.org/@adraffy/ens-norm-uts46/-/ens-norm-uts46-0.0.5.tgz",
			"integrity": "sha512-+Xej73d6gbu74iUC6vN7LwXuKMLaRTvgAQ5CtbFk2TxhyOMq7/sW60moeQ5atAYs8lXLl0buMoX+osjdDnoaRw==",
			"requires": {
				"@adraffy/punycode": "^0.0.1"
			}
		},
		"@adraffy/ens-normalize": {
			"version": "1.5.2",
			"resolved": "https://registry.npmjs.org/@adraffy/ens-normalize/-/ens-normalize-1.5.2.tgz",
			"integrity": "sha512-BySbx3H86lV4FEpisZjt5nH+Ijx0z51WwcO8unOW1Qxs5SNgRiQCAdc7nW+czAkAZL7clFbTl8ox00X4acpQhQ=="
		},
		"@adraffy/ensip-norm": {
			"version": "0.0.3",
			"resolved": "https://registry.npmjs.org/@adraffy/ensip-norm/-/ensip-norm-0.0.3.tgz",
			"integrity": "sha512-dEar6iRczZXWJxrYXGNVdUZ8N82ecANIgRsHFzTaRdqZ3tfjHMjNGo7uZgMCEWTaNns9qcl35KRvTjCYtOEcDA=="
		},
		"@adraffy/punycode": {
			"version": "0.0.1",
			"resolved": "https://registry.npmjs.org/@adraffy/punycode/-/punycode-0.0.1.tgz",
			"integrity": "sha512-4uVtOv/hbAMBa2/8chRMcO96F6Dl8yagLewgN49kXnLYa+ULFly3FCyYen+TDjK4+YtCN6jGPu2SS37KftXmRA=="
		},
		"@ensdomains/eth-ens-namehash": {
			"version": "2.0.15",
			"resolved": "https://registry.npmjs.org/@ensdomains/eth-ens-namehash/-/eth-ens-namehash-2.0.15.tgz",
			"integrity": "sha512-JRDFP6+Hczb1E0/HhIg0PONgBYasfGfDheujmfxaZaAv/NAH4jE6Kf48WbqfRZdxt4IZI3jl3Ri7sZ1nP09lgw=="
		}
	}
}
