
Microsoft Visual Studio Solution File, Format Version 12.00
# Visual Studio Version 17
VisualStudioVersion = 17.6.33815.320
MinimumVisualStudioVersion = 10.0.40219.1
Project("{9A19103F-16F7-4668-BE54-9A1E7A4F7556}") = "CSTester", "CSTester.csproj", "{CB128CD8-E6FD-4F12-B43C-A08AF900AC42}"
EndProject
Project("{9A19103F-16F7-4668-BE54-9A1E7A4F7556}") = "ADRaffy.ENSNormalize", "..\..\ENSNormalize.cs\ENSNormalize\ADRaffy.ENSNormalize.csproj", "{0C59892F-9671-4DA0-A6A1-F86557EAD0C1}"
EndProject
Global
	GlobalSection(SolutionConfigurationPlatforms) = preSolution
		Debug|Any CPU = Debug|Any CPU
		Release|Any CPU = Release|Any CPU
	EndGlobalSection
	GlobalSection(ProjectConfigurationPlatforms) = postSolution
		{CB128CD8-E6FD-4F12-B43C-A08AF900AC42}.Debug|Any CPU.ActiveCfg = Debug|Any CPU
		{CB128CD8-E6FD-4F12-B43C-A08AF900AC42}.Debug|Any CPU.Build.0 = Debug|Any CPU
		{CB128CD8-E6FD-4F12-B43C-A08AF900AC42}.Release|Any CPU.ActiveCfg = Release|Any CPU
		{CB128CD8-E6FD-4F12-B43C-A08AF900AC42}.Release|Any CPU.Build.0 = Release|Any CPU
		{0C59892F-9671-4DA0-A6A1-F86557EAD0C1}.Debug|Any CPU.ActiveCfg = Debug|Any CPU
		{0C59892F-9671-4DA0-A6A1-F86557EAD0C1}.Debug|Any CPU.Build.0 = Debug|Any CPU
		{0C59892F-9671-4DA0-A6A1-F86557EAD0C1}.Release|Any CPU.ActiveCfg = Release|Any CPU
		{0C59892F-9671-4DA0-A6A1-F86557EAD0C1}.Release|Any CPU.Build.0 = Release|Any CPU
	EndGlobalSection
	GlobalSection(SolutionProperties) = preSolution
		HideSolutionNode = FALSE
	EndGlobalSection
	GlobalSection(ExtensibilityGlobals) = postSolution
		SolutionGuid = {CBEB6BC4-8144-42D9-8413-33F4BA2291E5}
	EndGlobalSection
EndGlobal
