{
  "pins" : [
    {
      "identity" : "ensnormalize.swift",
      "kind" : "remoteSourceControl",
      "location" : "https://github.com/adraffy/ENSNormalize.swift.git",
      "state" : {
        "branch" : "main",
        "revision" : "6a1fa32baa3e00b6ac0c095c94715c0000d06674"
      }
    }
  ],
  "version" : 2
}
